Microsoft Visual Studio Solution File, Format Version 11.00
# Visual Studio 2008

Project("{47ACF620-0622-18FA-3D0C-F65F34904AD6}") = "Beats", "Assembly-CSharp-firstpass.csproj", "{5BD00528-31B1-4296-4AF4-7B0A370AB499}"
EndProject
Project("{47ACF620-0622-18FA-3D0C-F65F34904AD6}") = "Beats", "Assembly-CSharp.csproj", "{34D600E0-B928-9BAD-6DD2-FB6CC8FC070B}"
EndProject
Project("{47ACF620-0622-18FA-3D0C-F65F34904AD6}") = "Beats", "Assembly-CSharp-Editor.csproj", "{19314D67-AE19-88DD-83BC-41AFB612729D}"
EndProject
Project("{47ACF620-0622-18FA-3D0C-F65F34904AD6}") = "Beats", "Assembly-UnityScript-firstpass.unityproj", "{8DE4EF9D-3BE6-A6D8-C7FE-5AFC15BB4853}"
EndProject
Project("{47ACF620-0622-18FA-3D0C-F65F34904AD6}") = "Beats", "Assembly-UnityScript.unityproj", "{53F02C6F-C862-E136-EC8B-2441C6061400}"
EndProject
Project("{47ACF620-0622-18FA-3D0C-F65F34904AD6}") = "Beats", "Assembly-UnityScript-Editor.unityproj", "{FC272243-4A8A-D37D-6578-B92E65AA0358}"
EndProject
Global
	GlobalSection(SolutionConfigurationPlatforms) = preSolution
		Debug|Any CPU = Debug|Any CPU
		Release|Any CPU = Release|Any CPU
	EndGlobalSection
	GlobalSection(ProjectConfigurationPlatforms) = postSolution
		{5BD00528-31B1-4296-4AF4-7B0A370AB499}.Debug|Any CPU.ActiveCfg = Debug|Any CPU
		{5BD00528-31B1-4296-4AF4-7B0A370AB499}.Debug|Any CPU.Build.0 = Debug|Any CPU
		{5BD00528-31B1-4296-4AF4-7B0A370AB499}.Release|Any CPU.ActiveCfg = Release|Any CPU
		{5BD00528-31B1-4296-4AF4-7B0A370AB499}.Release|Any CPU.Build.0 = Release|Any CPU
		{34D600E0-B928-9BAD-6DD2-FB6CC8FC070B}.Debug|Any CPU.ActiveCfg = Debug|Any CPU
		{34D600E0-B928-9BAD-6DD2-FB6CC8FC070B}.Debug|Any CPU.Build.0 = Debug|Any CPU
		{34D600E0-B928-9BAD-6DD2-FB6CC8FC070B}.Release|Any CPU.ActiveCfg = Release|Any CPU
		{34D600E0-B928-9BAD-6DD2-FB6CC8FC070B}.Release|Any CPU.Build.0 = Release|Any CPU
		{19314D67-AE19-88DD-83BC-41AFB612729D}.Debug|Any CPU.ActiveCfg = Debug|Any CPU
		{19314D67-AE19-88DD-83BC-41AFB612729D}.Debug|Any CPU.Build.0 = Debug|Any CPU
		{19314D67-AE19-88DD-83BC-41AFB612729D}.Release|Any CPU.ActiveCfg = Release|Any CPU
		{19314D67-AE19-88DD-83BC-41AFB612729D}.Release|Any CPU.Build.0 = Release|Any CPU
		{8DE4EF9D-3BE6-A6D8-C7FE-5AFC15BB4853}.Debug|Any CPU.ActiveCfg = Debug|Any CPU
		{8DE4EF9D-3BE6-A6D8-C7FE-5AFC15BB4853}.Debug|Any CPU.Build.0 = Debug|Any CPU
		{8DE4EF9D-3BE6-A6D8-C7FE-5AFC15BB4853}.Release|Any CPU.ActiveCfg = Release|Any CPU
		{8DE4EF9D-3BE6-A6D8-C7FE-5AFC15BB4853}.Release|Any CPU.Build.0 = Release|Any CPU
		{53F02C6F-C862-E136-EC8B-2441C6061400}.Debug|Any CPU.ActiveCfg = Debug|Any CPU
		{53F02C6F-C862-E136-EC8B-2441C6061400}.Debug|Any CPU.Build.0 = Debug|Any CPU
		{53F02C6F-C862-E136-EC8B-2441C6061400}.Release|Any CPU.ActiveCfg = Release|Any CPU
		{53F02C6F-C862-E136-EC8B-2441C6061400}.Release|Any CPU.Build.0 = Release|Any CPU
		{FC272243-4A8A-D37D-6578-B92E65AA0358}.Debug|Any CPU.ActiveCfg = Debug|Any CPU
		{FC272243-4A8A-D37D-6578-B92E65AA0358}.Debug|Any CPU.Build.0 = Debug|Any CPU
		{FC272243-4A8A-D37D-6578-B92E65AA0358}.Release|Any CPU.ActiveCfg = Release|Any CPU
		{FC272243-4A8A-D37D-6578-B92E65AA0358}.Release|Any CPU.Build.0 = Release|Any CPU
	EndGlobalSection
	GlobalSection(SolutionProperties) = preSolution
		HideSolutionNode = FALSE
	EndGlobalSection
																																																																																																																																																																										GlobalSection(MonoDevelopProperties) = preSolution
		StartupItem = Assembly-CSharp.csproj
		Policies = $0
		$0.TextStylePolicy = $1
		$1.inheritsSet = null
		$1.scope = text/x-csharp
		$0.CSharpFormattingPolicy = $2
		$2.inheritsSet = Mono
		$2.inheritsScope = text/x-csharp
		$2.scope = text/x-csharp
		$0.TextStylePolicy = $3
		$3.FileWidth = 120
		$3.TabWidth = 4
		$3.EolMarker = Unix
		$3.inheritsSet = Mono
		$3.inheritsScope = text/plain
		$3.scope = text/plain
	EndGlobalSection

EndGlobal
